
Microsoft Visual Studio Solution File, Format Version 12.00
# Visual Studio 14
VisualStudioVersion = 14.0.25420.1
MinimumVisualStudioVersion = 10.0.40219.1
Project("{FAE04EC0-301F-11D3-BF4B-00C04F79EFBC}") = "SpecialNumbersProject", "..\..\..\..\Desktop\repository\SpecialNumbers\SpecialNumbers\SpecialNumbersProject\SpecialNumbersProject.csproj", "{2C1FEEFA-1669-45B6-91EF-CEFE8D7A77C0}"
EndProject
Project("{FAE04EC0-301F-11D3-BF4B-00C04F79EFBC}") = "1.NumeralTypes andTypeConversion", "NumeralTypes andTypeConversion\1.NumeralTypes andTypeConversion.csproj", "{DDC67AAD-C49D-41D0-BBC9-5A38AB5D6E23}"
EndProject
Project("{FAE04EC0-301F-11D3-BF4B-00C04F79EFBC}") = "2.PracticeFloatingPointNumbers", "2.PracticeFloatingPointNumbers\2.PracticeFloatingPointNumbers.csproj", "{7F5D30FA-64CD-4951-B52F-892DF65AA4E6}"
EndProject
Project("{FAE04EC0-301F-11D3-BF4B-00C04F79EFBC}") = "3.ExchangeVariableValues", "3.ExchangeVariableValues\3.ExchangeVariableValues.csproj", "{AA2A98FF-15E9-450C-AEF6-4B60C7C95CFE}"
EndProject
Project("{FAE04EC0-301F-11D3-BF4B-00C04F79EFBC}") = "4.FloatOrInteger", "4.FloatOrInteger\4.FloatOrInteger.csproj", "{5079FE62-9C13-456B-8E9C-F3B7B0B048E5}"
EndProject
Project("{FAE04EC0-301F-11D3-BF4B-00C04F79EFBC}") = "5.DistanceOfTheStars", "5.DistanceOfTheStars\5.DistanceOfTheStars.csproj", "{1A492F63-6139-446D-ADEA-FE0E65662B74}"
EndProject
Project("{FAE04EC0-301F-11D3-BF4B-00C04F79EFBC}") = "6.IncrementVariable", "6.IncrementVariable\6.IncrementVariable.csproj", "{CB7064C2-2669-4D79-A5AA-852F864B1A97}"
EndProject
Project("{FAE04EC0-301F-11D3-BF4B-00C04F79EFBC}") = "7. FromTerabyteTtoBits", "7. FromTerabyteTtoBits\7. FromTerabyteTtoBits.csproj", "{B3E78B86-65BB-4323-B34E-9BAC35698AFD}"
EndProject
Project("{FAE04EC0-301F-11D3-BF4B-00C04F79EFBC}") = "8.TravelingAtLightSpeed", "8.TravelingAtLightSpeed\8.TravelingAtLightSpeed.csproj", "{AB59023D-5B0A-4BBE-95B9-A79D586A133B}"
EndProject
Project("{FAE04EC0-301F-11D3-BF4B-00C04F79EFBC}") = "9.TriangleFormations", "9.TriangleFormations\9.TriangleFormations.csproj", "{D05FD183-3030-4EBD-8897-B0A0F2DC1CB7}"
EndProject
Project("{FAE04EC0-301F-11D3-BF4B-00C04F79EFBC}") = "10.DataOverflow", "10.DataOverflow\10.DataOverflow.csproj", "{A0986D00-2441-485B-9446-9A122E0000BB}"
EndProject
Global
	GlobalSection(SolutionConfigurationPlatforms) = preSolution
		Debug|Any CPU = Debug|Any CPU
		Release|Any CPU = Release|Any CPU
	EndGlobalSection
	GlobalSection(ProjectConfigurationPlatforms) = postSolution
		{2C1FEEFA-1669-45B6-91EF-CEFE8D7A77C0}.Debug|Any CPU.ActiveCfg = Debug|Any CPU
		{2C1FEEFA-1669-45B6-91EF-CEFE8D7A77C0}.Debug|Any CPU.Build.0 = Debug|Any CPU
		{2C1FEEFA-1669-45B6-91EF-CEFE8D7A77C0}.Release|Any CPU.ActiveCfg = Release|Any CPU
		{2C1FEEFA-1669-45B6-91EF-CEFE8D7A77C0}.Release|Any CPU.Build.0 = Release|Any CPU
		{DDC67AAD-C49D-41D0-BBC9-5A38AB5D6E23}.Debug|Any CPU.ActiveCfg = Debug|Any CPU
		{DDC67AAD-C49D-41D0-BBC9-5A38AB5D6E23}.Debug|Any CPU.Build.0 = Debug|Any CPU
		{DDC67AAD-C49D-41D0-BBC9-5A38AB5D6E23}.Release|Any CPU.ActiveCfg = Release|Any CPU
		{DDC67AAD-C49D-41D0-BBC9-5A38AB5D6E23}.Release|Any CPU.Build.0 = Release|Any CPU
		{7F5D30FA-64CD-4951-B52F-892DF65AA4E6}.Debug|Any CPU.ActiveCfg = Debug|Any CPU
		{7F5D30FA-64CD-4951-B52F-892DF65AA4E6}.Debug|Any CPU.Build.0 = Debug|Any CPU
		{7F5D30FA-64CD-4951-B52F-892DF65AA4E6}.Release|Any CPU.ActiveCfg = Release|Any CPU
		{7F5D30FA-64CD-4951-B52F-892DF65AA4E6}.Release|Any CPU.Build.0 = Release|Any CPU
		{AA2A98FF-15E9-450C-AEF6-4B60C7C95CFE}.Debug|Any CPU.ActiveCfg = Debug|Any CPU
		{AA2A98FF-15E9-450C-AEF6-4B60C7C95CFE}.Debug|Any CPU.Build.0 = Debug|Any CPU
		{AA2A98FF-15E9-450C-AEF6-4B60C7C95CFE}.Release|Any CPU.ActiveCfg = Release|Any CPU
		{AA2A98FF-15E9-450C-AEF6-4B60C7C95CFE}.Release|Any CPU.Build.0 = Release|Any CPU
		{5079FE62-9C13-456B-8E9C-F3B7B0B048E5}.Debug|Any CPU.ActiveCfg = Debug|Any CPU
		{5079FE62-9C13-456B-8E9C-F3B7B0B048E5}.Debug|Any CPU.Build.0 = Debug|Any CPU
		{5079FE62-9C13-456B-8E9C-F3B7B0B048E5}.Release|Any CPU.ActiveCfg = Release|Any CPU
		{5079FE62-9C13-456B-8E9C-F3B7B0B048E5}.Release|Any CPU.Build.0 = Release|Any CPU
		{1A492F63-6139-446D-ADEA-FE0E65662B74}.Debug|Any CPU.ActiveCfg = Debug|Any CPU
		{1A492F63-6139-446D-ADEA-FE0E65662B74}.Debug|Any CPU.Build.0 = Debug|Any CPU
		{1A492F63-6139-446D-ADEA-FE0E65662B74}.Release|Any CPU.ActiveCfg = Release|Any CPU
		{1A492F63-6139-446D-ADEA-FE0E65662B74}.Release|Any CPU.Build.0 = Release|Any CPU
		{CB7064C2-2669-4D79-A5AA-852F864B1A97}.Debug|Any CPU.ActiveCfg = Debug|Any CPU
		{CB7064C2-2669-4D79-A5AA-852F864B1A97}.Debug|Any CPU.Build.0 = Debug|Any CPU
		{CB7064C2-2669-4D79-A5AA-852F864B1A97}.Release|Any CPU.ActiveCfg = Release|Any CPU
		{CB7064C2-2669-4D79-A5AA-852F864B1A97}.Release|Any CPU.Build.0 = Release|Any CPU
		{B3E78B86-65BB-4323-B34E-9BAC35698AFD}.Debug|Any CPU.ActiveCfg = Debug|Any CPU
		{B3E78B86-65BB-4323-B34E-9BAC35698AFD}.Debug|Any CPU.Build.0 = Debug|Any CPU
		{B3E78B86-65BB-4323-B34E-9BAC35698AFD}.Release|Any CPU.ActiveCfg = Release|Any CPU
		{B3E78B86-65BB-4323-B34E-9BAC35698AFD}.Release|Any CPU.Build.0 = Release|Any CPU
		{AB59023D-5B0A-4BBE-95B9-A79D586A133B}.Debug|Any CPU.ActiveCfg = Debug|Any CPU
		{AB59023D-5B0A-4BBE-95B9-A79D586A133B}.Debug|Any CPU.Build.0 = Debug|Any CPU
		{AB59023D-5B0A-4BBE-95B9-A79D586A133B}.Release|Any CPU.ActiveCfg = Release|Any CPU
		{AB59023D-5B0A-4BBE-95B9-A79D586A133B}.Release|Any CPU.Build.0 = Release|Any CPU
		{D05FD183-3030-4EBD-8897-B0A0F2DC1CB7}.Debug|Any CPU.ActiveCfg = Debug|Any CPU
		{D05FD183-3030-4EBD-8897-B0A0F2DC1CB7}.Debug|Any CPU.Build.0 = Debug|Any CPU
		{D05FD183-3030-4EBD-8897-B0A0F2DC1CB7}.Release|Any CPU.ActiveCfg = Release|Any CPU
		{D05FD183-3030-4EBD-8897-B0A0F2DC1CB7}.Release|Any CPU.Build.0 = Release|Any CPU
		{A0986D00-2441-485B-9446-9A122E0000BB}.Debug|Any CPU.ActiveCfg = Debug|Any CPU
		{A0986D00-2441-485B-9446-9A122E0000BB}.Debug|Any CPU.Build.0 = Debug|Any CPU
		{A0986D00-2441-485B-9446-9A122E0000BB}.Release|Any CPU.ActiveCfg = Release|Any CPU
		{A0986D00-2441-485B-9446-9A122E0000BB}.Release|Any CPU.Build.0 = Release|Any CPU
	EndGlobalSection
	GlobalSection(SolutionProperties) = preSolution
		HideSolutionNode = FALSE
	EndGlobalSection
EndGlobal
